
Microsoft Visual Studio Solution File, Format Version 12.00
# Visual Studio Version 17
VisualStudioVersion = 17.9.34622.214
MinimumVisualStudioVersion = 10.0.40219.1
Project("{FAE04EC0-301F-11D3-BF4B-00C04F79EFBC}") = "EnumAndException", "EnumAndException\EnumAndException.csproj", "{48E5B95E-637C-4366-A956-CEE011DCC761}"
EndProject
Project("{FAE04EC0-301F-11D3-BF4B-00C04F79EFBC}") = "Core", "Core\Core.csproj", "{CFAB2870-C906-478A-BD46-1E9B4D6A6F70}"
EndProject
Global
	GlobalSection(SolutionConfigurationPlatforms) = preSolution
		Debug|Any CPU = Debug|Any CPU
		Release|Any CPU = Release|Any CPU
	EndGlobalSection
	GlobalSection(ProjectConfigurationPlatforms) = postSolution
		{48E5B95E-637C-4366-A956-CEE011DCC761}.Debug|Any CPU.ActiveCfg = Debug|Any CPU
		{48E5B95E-637C-4366-A956-CEE011DCC761}.Debug|Any CPU.Build.0 = Debug|Any CPU
		{48E5B95E-637C-4366-A956-CEE011DCC761}.Release|Any CPU.ActiveCfg = Release|Any CPU
		{48E5B95E-637C-4366-A956-CEE011DCC761}.Release|Any CPU.Build.0 = Release|Any CPU
		{CFAB2870-C906-478A-BD46-1E9B4D6A6F70}.Debug|Any CPU.ActiveCfg = Debug|Any CPU
		{CFAB2870-C906-478A-BD46-1E9B4D6A6F70}.Debug|Any CPU.Build.0 = Debug|Any CPU
		{CFAB2870-C906-478A-BD46-1E9B4D6A6F70}.Release|Any CPU.ActiveCfg = Release|Any CPU
		{CFAB2870-C906-478A-BD46-1E9B4D6A6F70}.Release|Any CPU.Build.0 = Release|Any CPU
	EndGlobalSection
	GlobalSection(SolutionProperties) = preSolution
		HideSolutionNode = FALSE
	EndGlobalSection
	GlobalSection(ExtensibilityGlobals) = postSolution
		SolutionGuid = {F6F913D4-991E-464A-AC22-BADBCBFA4697}
	EndGlobalSection
EndGlobal
